
Microsoft Visual Studio Solution File, Format Version 12.00
# Visual Studio Version 16
VisualStudioVersion = 16.0.31729.503
MinimumVisualStudioVersion = 10.0.40219.1
Project("{FAE04EC0-301F-11D3-BF4B-00C04F79EFBC}") = "audioP", "audioP\audioP.csproj", "{CC6CAAFC-1B10-4CE1-A283-B2DA8D4C3C72}"
EndProject
Global
	GlobalSection(SolutionConfigurationPlatforms) = preSolution
		Debug|Any CPU = Debug|Any CPU
		Release|Any CPU = Release|Any CPU
	EndGlobalSection
	GlobalSection(ProjectConfigurationPlatforms) = postSolution
		{CC6CAAFC-1B10-4CE1-A283-B2DA8D4C3C72}.Debug|Any CPU.ActiveCfg = Debug|Any CPU
		{CC6CAAFC-1B10-4CE1-A283-B2DA8D4C3C72}.Debug|Any CPU.Build.0 = Debug|Any CPU
		{CC6CAAFC-1B10-4CE1-A283-B2DA8D4C3C72}.Release|Any CPU.ActiveCfg = Release|Any CPU
		{CC6CAAFC-1B10-4CE1-A283-B2DA8D4C3C72}.Release|Any CPU.Build.0 = Release|Any CPU
	EndGlobalSection
	GlobalSection(SolutionProperties) = preSolution
		HideSolutionNode = FALSE
	EndGlobalSection
	GlobalSection(ExtensibilityGlobals) = postSolution
		SolutionGuid = {CC636E74-6B06-45F1-90C3-C4E61A7229FE}
	EndGlobalSection
EndGlobal
